{
  "name": "china-locations",
  "version": "1.0.0",
  "lockfileVersion": 1,
  "requires": true,
  "dependencies": {
    "china-division": {
      "version": "2.3.1",
      "resolved": "https://registry.npmjs.org/china-division/-/china-division-2.3.1.tgz",
      "integrity": "sha512-mOfLagVRZ+lRmbIIZ0sci0+9Sr+uGyPCp9an4Orov2KxLf3DGSB/4qyao/jy3pegW4Weppvh0yzGfs+dAPJA7A=="
    }
  }
}
